
Microsoft Visual Studio Solution File, Format Version 12.00
# Visual Studio Version 17
VisualStudioVersion = 17.14.36429.23 d17.14
MinimumVisualStudioVersion = 10.0.40219.1
Project("{FAE04EC0-301F-11D3-BF4B-00C04F79EFBC}") = "laba3", "laba3.csproj", "{9915C808-C232-4004-9DBA-AE1E75CC919D}"
EndProject
Global
	GlobalSection(SolutionConfigurationPlatforms) = preSolution
		Debug|Any CPU = Debug|Any CPU
		Release|Any CPU = Release|Any CPU
	EndGlobalSection
	GlobalSection(ProjectConfigurationPlatforms) = postSolution
		{9915C808-C232-4004-9DBA-AE1E75CC919D}.Debug|Any CPU.ActiveCfg = Debug|Any CPU
		{9915C808-C232-4004-9DBA-AE1E75CC919D}.Debug|Any CPU.Build.0 = Debug|Any CPU
		{9915C808-C232-4004-9DBA-AE1E75CC919D}.Release|Any CPU.ActiveCfg = Release|Any CPU
		{9915C808-C232-4004-9DBA-AE1E75CC919D}.Release|Any CPU.Build.0 = Release|Any CPU
	EndGlobalSection
	GlobalSection(SolutionProperties) = preSolution
		HideSolutionNode = FALSE
	EndGlobalSection
	GlobalSection(ExtensibilityGlobals) = postSolution
		SolutionGuid = {C38FEC92-3E0E-411F-8702-A75ED89EDBBE}
	EndGlobalSection
EndGlobal
